// !$*UTF8*$!
{
	archiveVersion = 1;
	classes = {
	};
	objectVersion = 46;
	objects = {

/* Begin PBXBuildFile section */
		D14EFBA1139E991400E98ACC /* MainWindow.xib in Resources */ = {isa = PBXBuildFile; fileRef = D14EFBA2139E991400E98ACC /* MainWindow.xib */; };
		D14EFBA3139E992100E98ACC /* GotopMVViewController.xib in Resources */ = {isa = PBXBuildFile; fileRef = D14EFBA4139E992100E98ACC /* GotopMVViewController.xib */; };
		D1D58A82139E869500463AF5 /* UIKit.framework in Frameworks */ = {isa = PBXBuildFile; fileRef = D1D58A81139E869500463AF5 /* UIKit.framework */; };
		D1D58A84139E869500463AF5 /* Foundation.framework in Frameworks */ = {isa = PBXBuildFile; fileRef = D1D58A83139E869500463AF5 /* Foundation.framework */; };
		D1D58A86139E869500463AF5 /* CoreGraphics.framework in Frameworks */ = {isa = PBXBuildFile; fileRef = D1D58A85139E869500463AF5 /* CoreGraphics.framework */; };
		D1D58A8C139E869500463AF5 /* InfoPlist.strings in Resources */ = {isa = PBXBuildFile; fileRef = D1D58A8A139E869500463AF5 /* InfoPlist.strings */; };
		D1D58A8F139E869500463AF5 /* main.m in Sources */ = {isa = PBXBuildFile; fileRef = D1D58A8E139E869500463AF5 /* main.m */; };
		D1D58A92139E869500463AF5 /* GotopMVAppDelegate.m in Sources */ = {isa = PBXBuildFile; fileRef = D1D58A91139E869500463AF5 /* GotopMVAppDelegate.m */; };
		D1D58A98139E869500463AF5 /* GotopMVViewController.mm in Sources */ = {isa = PBXBuildFile; fileRef = D1D58A97139E869500463AF5 /* GotopMVViewController.mm */; };
		D1D58ABE139E86C400463AF5 /* libHikSingleDecodeIPhoneSIM.a in Frameworks */ = {isa = PBXBuildFile; fileRef = D1D58ABA139E86C400463AF5 /* libHikSingleDecodeIPhoneSIM.a */; };
		D1D58ABF139E86C400463AF5 /* libHCNetSDK_sim_rel.a in Frameworks */ = {isa = PBXBuildFile; fileRef = D1D58ABC139E86C400463AF5 /* libHCNetSDK_sim_rel.a */; };
/* End PBXBuildFile section */

/* Begin PBXFileReference section */
		D14EFBA2139E991400E98ACC /* MainWindow.xib */ = {isa = PBXFileReference; lastKnownFileType = file.xib; path = MainWindow.xib; sourceTree = "<group>"; };
		D14EFBA4139E992100E98ACC /* GotopMVViewController.xib */ = {isa = PBXFileReference; lastKnownFileType = file.xib; path = GotopMVViewController.xib; sourceTree = "<group>"; };
		D1D58A7D139E869500463AF5 /* GotopMV.app */ = {isa = PBXFileReference; explicitFileType = wrapper.application; includeInIndex = 0; path = GotopMV.app; sourceTree = BUILT_PRODUCTS_DIR; };
		D1D58A81139E869500463AF5 /* UIKit.framework */ = {isa = PBXFileReference; lastKnownFileType = wrapper.framework; name = UIKit.framework; path = System/Library/Frameworks/UIKit.framework; sourceTree = SDKROOT; };
		D1D58A83139E869500463AF5 /* Foundation.framework */ = {isa = PBXFileReference; lastKnownFileType = wrapper.framework; name = Foundation.framework; path = System/Library/Frameworks/Foundation.framework; sourceTree = SDKROOT; };
		D1D58A85139E869500463AF5 /* CoreGraphics.framework */ = {isa = PBXFileReference; lastKnownFileType = wrapper.framework; name = CoreGraphics.framework; path = System/Library/Frameworks/CoreGraphics.framework; sourceTree = SDKROOT; };
		D1D58A89139E869500463AF5 /* GotopMV-Info.plist */ = {isa = PBXFileReference; lastKnownFileType = text.plist.xml; path = "GotopMV-Info.plist"; sourceTree = "<group>"; };
		D1D58A8B139E869500463AF5 /* en */ = {isa = PBXFileReference; lastKnownFileType = text.plist.strings; name = en; path = en.lproj/InfoPlist.strings; sourceTree = "<group>"; };
		D1D58A8D139E869500463AF5 /* GotopMV-Prefix.pch */ = {isa = PBXFileReference; lastKnownFileType = sourcecode.c.h; path = "GotopMV-Prefix.pch"; sourceTree = "<group>"; };
		D1D58A8E139E869500463AF5 /* main.m */ = {isa = PBXFileReference; lastKnownFileType = sourcecode.c.objc; path = main.m; sourceTree = "<group>"; };
		D1D58A90139E869500463AF5 /* GotopMVAppDelegate.h */ = {isa = PBXFileReference; lastKnownFileType = sourcecode.c.h; path = GotopMVAppDelegate.h; sourceTree = "<group>"; };
		D1D58A91139E869500463AF5 /* GotopMVAppDelegate.m */ = {isa = PBXFileReference; lastKnownFileType = sourcecode.c.objc; path = GotopMVAppDelegate.m; sourceTree = "<group>"; };
		D1D58A96139E869500463AF5 /* GotopMVViewController.h */ = {isa = PBXFileReference; lastKnownFileType = sourcecode.c.h; path = GotopMVViewController.h; sourceTree = "<group>"; };
		D1D58A97139E869500463AF5 /* GotopMVViewController.mm */ = {isa = PBXFileReference; lastKnownFileType = sourcecode.cpp.objcpp; path = GotopMVViewController.mm; sourceTree = "<group>"; };
		D1D58ABA139E86C400463AF5 /* libHikSingleDecodeIPhoneSIM.a */ = {isa = PBXFileReference; lastKnownFileType = archive.ar; path = libHikSingleDecodeIPhoneSIM.a; sourceTree = "<group>"; };
		D1D58ABB139E86C400463AF5 /* HikDecoderInterface.h */ = {isa = PBXFileReference; explicitFileType = sourcecode.cpp.h; fileEncoding = 4; path = HikDecoderInterface.h; sourceTree = "<group>"; };
		D1D58ABC139E86C400463AF5 /* libHCNetSDK_sim_rel.a */ = {isa = PBXFileReference; lastKnownFileType = archive.ar; path = libHCNetSDK_sim_rel.a; sourceTree = "<group>"; };
		D1D58ABD139E86C400463AF5 /* hcnetsdk.h */ = {isa = PBXFileReference; explicitFileType = sourcecode.cpp.h; fileEncoding = 2147484705; path = hcnetsdk.h; sourceTree = "<group>"; };
/* End PBXFileReference section */

/* Begin PBXFrameworksBuildPhase section */
		D1D58A7A139E869500463AF5 /* Frameworks */ = {
			isa = PBXFrameworksBuildPhase;
			buildActionMask = 2147483647;
			files = (
				D1D58A82139E869500463AF5 /* UIKit.framework in Frameworks */,
				D1D58A84139E869500463AF5 /* Foundation.framework in Frameworks */,
				D1D58A86139E869500463AF5 /* CoreGraphics.framework in Frameworks */,
				D1D58ABE139E86C400463AF5 /* libHikSingleDecodeIPhoneSIM.a in Frameworks */,
				D1D58ABF139E86C400463AF5 /* libHCNetSDK_sim_rel.a in Frameworks */,
			);
			runOnlyForDeploymentPostprocessing = 0;
		};
/* End PBXFrameworksBuildPhase section */

/* Begin PBXGroup section */
		D1D58A72139E869500463AF5 = {
			isa = PBXGroup;
			children = (
				D1D58A87139E869500463AF5 /* GotopMV */,
				D1D58A80139E869500463AF5 /* Frameworks */,
				D1D58A7E139E869500463AF5 /* Products */,
			);
			sourceTree = "<group>";
		};
		D1D58A7E139E869500463AF5 /* Products */ = {
			isa = PBXGroup;
			children = (
				D1D58A7D139E869500463AF5 /* GotopMV.app */,
			);
			name = Products;
			sourceTree = "<group>";
		};
		D1D58A80139E869500463AF5 /* Frameworks */ = {
			isa = PBXGroup;
			children = (
				D1D58A81139E869500463AF5 /* UIKit.framework */,
				D1D58A83139E869500463AF5 /* Foundation.framework */,
				D1D58A85139E869500463AF5 /* CoreGraphics.framework */,
			);
			name = Frameworks;
			sourceTree = "<group>";
		};
		D1D58A87139E869500463AF5 /* GotopMV */ = {
			isa = PBXGroup;
			children = (
				D1D58A90139E869500463AF5 /* GotopMVAppDelegate.h */,
				D1D58A91139E869500463AF5 /* GotopMVAppDelegate.m */,
				D14EFBA2139E991400E98ACC /* MainWindow.xib */,
				D1D58A96139E869500463AF5 /* GotopMVViewController.h */,
				D1D58A97139E869500463AF5 /* GotopMVViewController.mm */,
				D1D58ABA139E86C400463AF5 /* libHikSingleDecodeIPhoneSIM.a */,
				D1D58ABB139E86C400463AF5 /* HikDecoderInterface.h */,
				D1D58ABC139E86C400463AF5 /* libHCNetSDK_sim_rel.a */,
				D1D58ABD139E86C400463AF5 /* hcnetsdk.h */,
				D14EFBA4139E992100E98ACC /* GotopMVViewController.xib */,
				D1D58A88139E869500463AF5 /* Supporting Files */,
			);
			path = GotopMV;
			sourceTree = "<group>";
		};
		D1D58A88139E869500463AF5 /* Supporting Files */ = {
			isa = PBXGroup;
			children = (
				D1D58A89139E869500463AF5 /* GotopMV-Info.plist */,
				D1D58A8A139E869500463AF5 /* InfoPlist.strings */,
				D1D58A8D139E869500463AF5 /* GotopMV-Prefix.pch */,
				D1D58A8E139E869500463AF5 /* main.m */,
			);
			name = "Supporting Files";
			sourceTree = "<group>";
		};
/* End PBXGroup section */

/* Begin PBXNativeTarget section */
		D1D58A7C139E869500463AF5 /* GotopMV */ = {
			isa = PBXNativeTarget;
			buildConfigurationList = D1D58AB4139E869500463AF5 /* Build configuration list for PBXNativeTarget "GotopMV" */;
			buildPhases = (
				D1D58A79139E869500463AF5 /* Sources */,
				D1D58A7A139E869500463AF5 /* Frameworks */,
				D1D58A7B139E869500463AF5 /* Resources */,
			);
			buildRules = (
			);
			dependencies = (
			);
			name = GotopMV;
			productName = GotopMV;
			productReference = D1D58A7D139E869500463AF5 /* GotopMV.app */;
			productType = "com.apple.product-type.application";
		};
/* End PBXNativeTarget section */

/* Begin PBXProject section */
		D1D58A74139E869500463AF5 /* Project object */ = {
			isa = PBXProject;
			attributes = {
				ORGANIZATIONNAME = "Gotop Co.Ltd.";
			};
			buildConfigurationList = D1D58A77139E869500463AF5 /* Build configuration list for PBXProject "GotopMV" */;
			compatibilityVersion = "Xcode 3.2";
			developmentRegion = English;
			hasScannedForEncodings = 0;
			knownRegions = (
				en,
			);
			mainGroup = D1D58A72139E869500463AF5;
			productRefGroup = D1D58A7E139E869500463AF5 /* Products */;
			projectDirPath = "";
			projectRoot = "";
			targets = (
				D1D58A7C139E869500463AF5 /* GotopMV */,
			);
		};
/* End PBXProject section */

/* Begin PBXResourcesBuildPhase section */
		D1D58A7B139E869500463AF5 /* Resources */ = {
			isa = PBXResourcesBuildPhase;
			buildActionMask = 2147483647;
			files = (
				D1D58A8C139E869500463AF5 /* InfoPlist.strings in Resources */,
				D14EFBA1139E991400E98ACC /* MainWindow.xib in Resources */,
				D14EFBA3139E992100E98ACC /* GotopMVViewController.xib in Resources */,
			);
			runOnlyForDeploymentPostprocessing = 0;
		};
/* End PBXResourcesBuildPhase section */

/* Begin PBXSourcesBuildPhase section */
		D1D58A79139E869500463AF5 /* Sources */ = {
			isa = PBXSourcesBuildPhase;
			buildActionMask = 2147483647;
			files = (
				D1D58A8F139E869500463AF5 /* main.m in Sources */,
				D1D58A92139E869500463AF5 /* GotopMVAppDelegate.m in Sources */,
				D1D58A98139E869500463AF5 /* GotopMVViewController.mm in Sources */,
			);
			runOnlyForDeploymentPostprocessing = 0;
		};
/* End PBXSourcesBuildPhase section */

/* Begin PBXVariantGroup section */
		D1D58A8A139E869500463AF5 /* InfoPlist.strings */ = {
			isa = PBXVariantGroup;
			children = (
				D1D58A8B139E869500463AF5 /* en */,
			);
			name = InfoPlist.strings;
			sourceTree = "<group>";
		};
/* End PBXVariantGroup section */

/* Begin XCBuildConfiguration section */
		D1D58AB2139E869500463AF5 /* Debug */ = {
			isa = XCBuildConfiguration;
			buildSettings = {
				ARCHS = "$(ARCHS_STANDARD_32_BIT)";
				"CODE_SIGN_IDENTITY[sdk=iphoneos*]" = "iPhone Developer";
				GCC_C_LANGUAGE_STANDARD = gnu99;
				GCC_OPTIMIZATION_LEVEL = 0;
				GCC_PREPROCESSOR_DEFINITIONS = DEBUG;
				GCC_SYMBOLS_PRIVATE_EXTERN = NO;
				GCC_VERSION = com.apple.compilers.llvmgcc42;
				GCC_WARN_ABOUT_RETURN_TYPE = YES;
				GCC_WARN_UNUSED_VARIABLE = YES;
				IPHONEOS_DEPLOYMENT_TARGET = 4.3;
				SDKROOT = iphoneos;
			};
			name = Debug;
		};
		D1D58AB3139E869500463AF5 /* Release */ = {
			isa = XCBuildConfiguration;
			buildSettings = {
				ARCHS = "$(ARCHS_STANDARD_32_BIT)";
				"CODE_SIGN_IDENTITY[sdk=iphoneos*]" = "iPhone Developer";
				GCC_C_LANGUAGE_STANDARD = gnu99;
				GCC_VERSION = com.apple.compilers.llvmgcc42;
				GCC_WARN_ABOUT_RETURN_TYPE = YES;
				GCC_WARN_UNUSED_VARIABLE = YES;
				IPHONEOS_DEPLOYMENT_TARGET = 4.3;
				OTHER_CFLAGS = "-DNS_BLOCK_ASSERTIONS=1";
				SDKROOT = iphoneos;
			};
			name = Release;
		};
		D1D58AB5139E869500463AF5 /* Debug */ = {
			isa = XCBuildConfiguration;
			buildSettings = {
				ALWAYS_SEARCH_USER_PATHS = NO;
				COPY_PHASE_STRIP = NO;
				GCC_DYNAMIC_NO_PIC = NO;
				GCC_PRECOMPILE_PREFIX_HEADER = YES;
				GCC_PREFIX_HEADER = "GotopMV/GotopMV-Prefix.pch";
				INFOPLIST_FILE = "GotopMV/GotopMV-Info.plist";
				IPHONEOS_DEPLOYMENT_TARGET = 3.0;
				LIBRARY_SEARCH_PATHS = (
					"$(inherited)",
					"\"$(SRCROOT)/GotopMV\"",
				);
				PRODUCT_NAME = "$(TARGET_NAME)";
				SDKROOT = iphoneos3.0;
				WRAPPER_EXTENSION = app;
			};
			name = Debug;
		};
		D1D58AB6139E869500463AF5 /* Release */ = {
			isa = XCBuildConfiguration;
			buildSettings = {
				ALWAYS_SEARCH_USER_PATHS = NO;
				COPY_PHASE_STRIP = YES;
				GCC_PRECOMPILE_PREFIX_HEADER = YES;
				GCC_PREFIX_HEADER = "GotopMV/GotopMV-Prefix.pch";
				INFOPLIST_FILE = "GotopMV/GotopMV-Info.plist";
				IPHONEOS_DEPLOYMENT_TARGET = 3.0;
				LIBRARY_SEARCH_PATHS = (
					"$(inherited)",
					"\"$(SRCROOT)/GotopMV\"",
				);
				PRODUCT_NAME = "$(TARGET_NAME)";
				SDKROOT = iphoneos3.0;
				VALIDATE_PRODUCT = YES;
				WRAPPER_EXTENSION = app;
			};
			name = Release;
		};
/* End XCBuildConfiguration section */

/* Begin XCConfigurationList section */
		D1D58A77139E869500463AF5 /* Build configuration list for PBXProject "GotopMV" */ = {
			isa = XCConfigurationList;
			buildConfigurations = (
				D1D58AB2139E869500463AF5 /* Debug */,
				D1D58AB3139E869500463AF5 /* Release */,
			);
			defaultConfigurationIsVisible = 0;
			defaultConfigurationName = Release;
		};
		D1D58AB4139E869500463AF5 /* Build configuration list for PBXNativeTarget "GotopMV" */ = {
			isa = XCConfigurationList;
			buildConfigurations = (
				D1D58AB5139E869500463AF5 /* Debug */,
				D1D58AB6139E869500463AF5 /* Release */,
			);
			defaultConfigurationIsVisible = 0;
			defaultConfigurationName = Release;
		};
/* End XCConfigurationList section */
	};
	rootObject = D1D58A74139E869500463AF5 /* Project object */;
}
